
Microsoft Visual Studio Solution File, Format Version 12.00
# Visual Studio Version 17
VisualStudioVersion = 17.1.32228.430
MinimumVisualStudioVersion = 10.0.40219.1
Project("{FAE04EC0-301F-11D3-BF4B-00C04F79EFBC}") = "MethodIndexers", "MethodIndexers.csproj", "{0988FC65-F58B-4C6A-AF5E-24A64078796B}"
EndProject
Global
	GlobalSection(SolutionConfigurationPlatforms) = preSolution
		Debug|Any CPU = Debug|Any CPU
		Release|Any CPU = Release|Any CPU
	EndGlobalSection
	GlobalSection(ProjectConfigurationPlatforms) = postSolution
		{0988FC65-F58B-4C6A-AF5E-24A64078796B}.Debug|Any CPU.ActiveCfg = Debug|Any CPU
		{0988FC65-F58B-4C6A-AF5E-24A64078796B}.Debug|Any CPU.Build.0 = Debug|Any CPU
		{0988FC65-F58B-4C6A-AF5E-24A64078796B}.Release|Any CPU.ActiveCfg = Release|Any CPU
		{0988FC65-F58B-4C6A-AF5E-24A64078796B}.Release|Any CPU.Build.0 = Release|Any CPU
	EndGlobalSection
	GlobalSection(SolutionProperties) = preSolution
		HideSolutionNode = FALSE
	EndGlobalSection
	GlobalSection(ExtensibilityGlobals) = postSolution
		SolutionGuid = {56BEA674-4294-4AEC-A34F-C7322A1F90F5}
	EndGlobalSection
EndGlobal
