
Microsoft Visual Studio Solution File, Format Version 12.00
# Visual Studio Version 17
VisualStudioVersion = 17.1.32228.430
MinimumVisualStudioVersion = 10.0.40219.1
Project("{FAE04EC0-301F-11D3-BF4B-00C04F79EFBC}") = "FirstWeb.Api", "FirstWeb.Api.csproj", "{CF5F8D4E-5A90-412A-A379-A5E134625152}"
EndProject
Global
	GlobalSection(SolutionConfigurationPlatforms) = preSolution
		Debug|Any CPU = Debug|Any CPU
		Release|Any CPU = Release|Any CPU
	EndGlobalSection
	GlobalSection(ProjectConfigurationPlatforms) = postSolution
		{CF5F8D4E-5A90-412A-A379-A5E134625152}.Debug|Any CPU.ActiveCfg = Debug|Any CPU
		{CF5F8D4E-5A90-412A-A379-A5E134625152}.Debug|Any CPU.Build.0 = Debug|Any CPU
		{CF5F8D4E-5A90-412A-A379-A5E134625152}.Release|Any CPU.ActiveCfg = Release|Any CPU
		{CF5F8D4E-5A90-412A-A379-A5E134625152}.Release|Any CPU.Build.0 = Release|Any CPU
	EndGlobalSection
	GlobalSection(SolutionProperties) = preSolution
		HideSolutionNode = FALSE
	EndGlobalSection
	GlobalSection(ExtensibilityGlobals) = postSolution
		SolutionGuid = {0BAC01A9-108D-44A8-8422-19533F20265A}
	EndGlobalSection
EndGlobal
